
Microsoft Visual Studio Solution File, Format Version 12.00
# Visual Studio Version 16
VisualStudioVersion = 16.0.29709.97
MinimumVisualStudioVersion = 10.0.40219.1
Project("{9A19103F-16F7-4668-BE54-9A1E7A4F7556}") = "NativeArray", "NativeArray\NativeArray.csproj", "{338603A7-12EC-4B52-AEC3-53FB6B32ED25}"
EndProject
Project("{9A19103F-16F7-4668-BE54-9A1E7A4F7556}") = "NativeArray.Tests", "NativeArray.Tests\NativeArray.Tests.csproj", "{672DDDE2-57A6-459B-A443-60A4900DF9E1}"
EndProject
Global
	GlobalSection(SolutionConfigurationPlatforms) = preSolution
		Debug|Any CPU = Debug|Any CPU
		Release|Any CPU = Release|Any CPU
	EndGlobalSection
	GlobalSection(ProjectConfigurationPlatforms) = postSolution
		{338603A7-12EC-4B52-AEC3-53FB6B32ED25}.Debug|Any CPU.ActiveCfg = Debug|Any CPU
		{338603A7-12EC-4B52-AEC3-53FB6B32ED25}.Debug|Any CPU.Build.0 = Debug|Any CPU
		{338603A7-12EC-4B52-AEC3-53FB6B32ED25}.Release|Any CPU.ActiveCfg = Release|Any CPU
		{338603A7-12EC-4B52-AEC3-53FB6B32ED25}.Release|Any CPU.Build.0 = Release|Any CPU
		{672DDDE2-57A6-459B-A443-60A4900DF9E1}.Debug|Any CPU.ActiveCfg = Debug|Any CPU
		{672DDDE2-57A6-459B-A443-60A4900DF9E1}.Debug|Any CPU.Build.0 = Debug|Any CPU
		{672DDDE2-57A6-459B-A443-60A4900DF9E1}.Release|Any CPU.ActiveCfg = Release|Any CPU
		{672DDDE2-57A6-459B-A443-60A4900DF9E1}.Release|Any CPU.Build.0 = Release|Any CPU
	EndGlobalSection
	GlobalSection(SolutionProperties) = preSolution
		HideSolutionNode = FALSE
	EndGlobalSection
	GlobalSection(ExtensibilityGlobals) = postSolution
		SolutionGuid = {1C797FCD-3A55-4F60-B3F9-8D7BA7E6A8EA}
	EndGlobalSection
EndGlobal
